{
    "_meta": {
        "hash": {
            "sha256": "2808963ccc2746ba415b42899a5a733d2fd6087b08000cf44c543da788e8cfa8"
        },
        "pipfile-spec": 6,
        "requires": {
            "python_version": "3.10"
        },
        "sources": [
            {
                "name": "pypi",
                "url": "https://pypi.org/simple",
                "verify_ssl": true
            }
        ]
    },
    "default": {
        "asgiref": {
            "hashes": [
                "sha256:89b2ef2247e3b562a16eef663bc0e2e703ec6468e2fa8a5cd61cd449786d4f6e",
                "sha256:9e0ce3aa93a819ba5b45120216b23878cf6e8525eb3848653452b4192b92afed"
            ],
            "markers": "python_version >= '3.7'",
            "version": "==3.7.2"
        },
        "debugpy": {
            "hashes": [
                "sha256:028fd23004a4f86e37767efa1c285ee74ee2c5cd9b02f9dff62be0ce17429ad9",
                "sha256:04b6730cc4149d3fd947e351e8a2cf18cd31fd4c8ba46872921dd54c4eee2acc",
                "sha256:062b87923f78636217617c8de2c16c9846612f30d12f3b51c0eb194739963003",
                "sha256:068db6d85b69500f76fb28ac2b8d6dcedb6d9e405fbffb39489651eb56e793f0",
                "sha256:0777fff5d8ce086383bbb6017ab7a4300f29c02565aa72a4533f0c815898d44b",
                "sha256:0ba4dd246588740f17725841be08c7368c1f2df706bb65dd85998c5809809c8e",
                "sha256:0c017a26a489cf6c57fd9a51ec33718275d15cbb19cc29097e7efb0492a1def4",
                "sha256:1478532ed5d29626cf2acbe58213a22ce6d86af9b57716d2e4824a5ae750418b",
                "sha256:1b7929baf506d897d170adbb9a99b83b6453acb2d7b10780eb46cb697522529c",
                "sha256:231851bec777e210cebb247b8a57ae35d4bc213b190b05d95556e52a0a765ccf",
                "sha256:29252f8253b1cbd5a4786d41d0d44835bd8152f910af109a48eebf1d0b66a40c",
                "sha256:2a8246403058457e8f777853af52a61402cf8596d6b9442de1112038495b5603",
                "sha256:313bcd88d40a65a6a9032ecd3aa83099f759839ec80677bac70285aa025112ba",
                "sha256:33ce42e58977d811d974a1f30352d2822a0f2e7160f0e6211753da3027fcf442",
                "sha256:37d06369b46d2013768494cf18e0568834d89ba52698a695358d12411ac9cf65",
                "sha256:4558ac356f3a6d46d3b3fb92bf4c053b87fd3903cf4022f10425e811c62a0514",
                "sha256:54109c9cbce8e96986a943812de8536d001130bce27d1a370b0c39bc7d6ef619",
                "sha256:5f7aeae9c8d7b77d8bad23d82723585949d4ef32fc4eb769e28f1d33319a28b0",
                "sha256:61c6c77b3ea3098dfd78f2ff4ce27565145a293af995f817f2475d02a2145b6d",
                "sha256:63acc9e755c1ae426c223b0596ac098b773a633091121c997086b7bd50faa1e0",
                "sha256:68905f3bc59b7d903724e040f80bd89c9d649d67473f09d6912908a4c46f971e",
                "sha256:709bc213b0b31665e00a3547cb92b2760b948b6473dbd56fe0a5ff1fa1202e80",
                "sha256:71ab9068e87a28cfbb7a7db041a946ac5493d45d0c61280021af038e14a64232",
                "sha256:71f634cf1eb52c825a000300e031c52e789337754237745a4d31560ce0041c9c",
                "sha256:72c3cb415cdf42c7ff26ee2aebe3095bc136ed3065d1f60d76feebe47b1980a6",
                "sha256:7a1df03e909e8b3f9eb45e2d3495e290df8fe9df1b903957b144125635b5ecf6",
                "sha256:7cd804d531e6c932ffb87766746bca111c9470b6c7877340df9ed3edd66d7c7c",
                "sha256:813075f9ff6795187417109fff11819b23a92169b98b56837d2a9c06eb81f15e",
                "sha256:81cfd83a911b454c36b677d0bc722c35acd978e1856d5550e71c1226af9c143c",
                "sha256:8ca653751aa728cf620c8fddc9c6200511fcc2e7d0a6ed615d246fdca1df5201",
                "sha256:8e26ce355631f80f044bf0c97fd2d8db0b83b43b6fa8abac956108e58c79f522",
                "sha256:8e3002cfb2ebf570f19fd060950e459a071630f6767f7e44804ac5a67ef57baf",
                "sha256:91ff6c5ea619a0a3bfdc49587d2f05198c1849d8888632f96d2f855e4e88a21a",
                "sha256:98c76193a924baddfbffd329a03d9d5722b0ea86a777db40263f257555ab0dba",
                "sha256:996439d56a0a2f38ea2c0a4d88874a56815585120a3dedd03422b1e3678875f1",
                "sha256:9b4304cc2ddedcefdc7ac0d6499a246aff6c981b58bfbd89f4103c0584e200e5",
                "sha256:9c3cb1f0324dcaf5e1dcc64013dbe959112724c8f58a558fc804741a54a90f14",
                "sha256:9c858b3bc1a28b30d06df0bdb02a7a5e7a146f986b0d5e4c438cc1940d121bce",
                "sha256:a24d65a295875d6f7b063bbc100240523537aff3380d33c1205819ebf213e340",
                "sha256:a332717a0778d55ca4629fb0b4a016affa06151a9822af940552497a77aac7ce",
                "sha256:a696ac566adc8b6aca3e7eb3bd2bd7b71d61f4721f42bf2e504f4166769ea4d3",
                "sha256:b3e2d0256736e77acfa1c05c35ed0f7b00a17a7d7da45e47d0705c5a2fc31256",
                "sha256:bcdffa215de49033aac273facbc4c2413a137b6e2b6694ac7ae04a88f38e4eba",
                "sha256:bd307ceabb2b17328e84cc0416bd6c0181de78d4f920510017f4fc7590afc2d9",
                "sha256:c28a4a74082bf7c06553e5002ad505d4119d0b4425a70570368082bcb222d8f2",
                "sha256:cd3e74f465bb71122481c27688cf09a3dd13fae18df30abfd51e513811fc7873",
                "sha256:d1254de50f25623df4ff90512f4dd5734874438680f6ad284daa9af1c622f504",
                "sha256:d15b0be81c9a448346ed0a7c19d9c88f60ccfb53f66e5e4ec99320d9dcd4fe4e",
                "sha256:d53e7b8dba67b390b43d891fd5459c49499fb274748ced89cada1f7dad95c414",
                "sha256:d678f48f2fd14716839e7e5b560eacbebddb0cc95832998dd020010e20a1cd9e",
                "sha256:dd1f907b2ea8b57dd26c315bd5c907a147f9b5f28ffec092c2572cab6d57e332",
                "sha256:de28c434abb8179b05afaa8a0447fff36980f397ef6c64a6c825a26c5258b67f",
                "sha256:de92459af4b0079437fae79f10469488ef1566942028847e4bac780e079a5a88",
                "sha256:e658b89c9e3eab39bbbe56d3e086ffc0b3266817788cb5aa6669f194620b3951",
                "sha256:e6f344db72fa9773ab52a1f527bb1b517e8426a13611a68aae5db587d1996bc1",
                "sha256:fab455f6c811f98f3d669b23eb99623200929eef9c0a8a8f1052aeba89346f93"
            ],
            "markers": "python_version >= '2.7' and python_version not in '3.0, 3.1, 3.2, 3.3, 3.4'",
            "version": "==1.3.0"
        },
        "django": {
            "hashes": [
                "sha256:8c8659665bc6e3a44fefe1ab0a291e5a3fb3979f9a8230be29de975e57e8f854",
                "sha256:f47a37a90b9bbe2c8ec360235192c7fddfdc832206fcf618bb849b39256affc1"
            ],
            "index": "pypi",
            "markers": "python_version >= '3.10'",
            "version": "==5.0.1"
        },
        "django-debugger": {
            "hashes": [
                "sha256:6e1ae97aa7ebd7434ad8157e5058e7be761a4a647248c694ac88768de2f0196c",
                "sha256:e07eeb677b1794142551c639fd7b43eb229c569fa3be74feefae6f00cff40b74"
            ],
            "index": "pypi",
            "version": "==0.6"
        },
        "psycopg2": {
            "hashes": [
                "sha256:121081ea2e76729acfb0673ff33755e8703d45e926e416cb59bae3a86c6a4981",
                "sha256:38a8dcc6856f569068b47de286b472b7c473ac7977243593a288ebce0dc89516",
                "sha256:426f9f29bde126913a20a96ff8ce7d73fd8a216cfb323b1f04da402d452853c3",
                "sha256:5e0d98cade4f0e0304d7d6f25bbfbc5bd186e07b38eac65379309c4ca3193efa",
                "sha256:7e2dacf8b009a1c1e843b5213a87f7c544b2b042476ed7755be813eaf4e8347a",
                "sha256:a7653d00b732afb6fc597e29c50ad28087dcb4fbfb28e86092277a559ae4e693",
                "sha256:ade01303ccf7ae12c356a5e10911c9e1c51136003a9a1d92f7aa9d010fb98372",
                "sha256:bac58c024c9922c23550af2a581998624d6e02350f4ae9c5f0bc642c633a2d5e",
                "sha256:c92811b2d4c9b6ea0285942b2e7cac98a59e166d59c588fe5cfe1eda58e72d59",
                "sha256:d1454bde93fb1e224166811694d600e746430c006fbb031ea06ecc2ea41bf156",
                "sha256:d735786acc7dd25815e89cc4ad529a43af779db2e25aa7c626de864127e5a024",
                "sha256:de80739447af31525feddeb8effd640782cf5998e1a4e9192ebdf829717e3913",
                "sha256:ff432630e510709564c01dafdbe996cb552e0b9f3f065eb89bdce5bd31fabf4c"
            ],
            "index": "pypi",
            "markers": "python_version >= '3.7'",
            "version": "==2.9.9"
        },
        "sqlparse": {
            "hashes": [
                "sha256:5430a4fe2ac7d0f93e66f1efc6e1338a41884b7ddf2a350cedd20ccc4d9d28f3",
                "sha256:d446183e84b8349fa3061f0fe7f06ca94ba65b426946ffebe6e3e8295332420c"
            ],
            "markers": "python_version >= '3.5'",
            "version": "==0.4.4"
        },
        "typing-extensions": {
            "hashes": [
                "sha256:23478f88c37f27d76ac8aee6c905017a143b0b1b886c3c9f66bc2fd94f9f5783",
                "sha256:af72aea155e91adfc61c3ae9e0e342dbc0cba726d6cba4b6c72c1f34e47291cd"
            ],
            "markers": "python_version < '3.11'",
            "version": "==4.9.0"
        }
    },
    "develop": {}
}
